
Microsoft Visual Studio Solution File, Format Version 12.00
# Visual Studio 15
VisualStudioVersion = 15.0.28307.1082
MinimumVisualStudioVersion = 10.0.40219.1
Project("{8BC9CEB8-8B4A-11D0-8D11-00A0C91BC942}") = "Windows_audio_talkback_demo_program_MSVC++_x86_Debug_LNKLIB_EXE", "Windows_audio_talkback_demo_program_MSVC++_x86_Debug_LNKLIB_EXE\Windows_audio_talkback_demo_program_MSVC++_x86_Debug_LNKLIB_EXE.vcxproj", "{2B8EA349-24D9-4717-8707-01CB4CFBC982}"
EndProject
Project("{8BC9CEB8-8B4A-11D0-8D11-00A0C91BC942}") = "Windows_audio_talkback_demo_program_MSVC++_x86_Release_LNKLIB_EXE", "Windows_audio_talkback_demo_program_MSVC++_x86_Release_LNKLIB_EXE\Windows_audio_talkback_demo_program_MSVC++_x86_Release_LNKLIB_EXE.vcxproj", "{06584B14-72BB-47BC-BCE0-5D5D0C4016C1}"
EndProject
Project("{8BC9CEB8-8B4A-11D0-8D11-00A0C91BC942}") = "Windows_audio_talkback_demo_program_MSVC++_x64_Debug_LNKLIB_EXE", "Windows_audio_talkback_demo_program_MSVC++_x64_Debug_LNKLIB_EXE\Windows_audio_talkback_demo_program_MSVC++_x64_Debug_LNKLIB_EXE.vcxproj", "{0BE5B789-58B9-44D8-B77E-B255C4A57D55}"
EndProject
Project("{8BC9CEB8-8B4A-11D0-8D11-00A0C91BC942}") = "Windows_audio_talkback_demo_program_MSVC++_x64_Release_LNKLIB_EXE", "Windows_audio_talkback_demo_program_MSVC++_x64_Release_LNKLIB_EXE\Windows_audio_talkback_demo_program_MSVC++_x64_Release_LNKLIB_EXE.vcxproj", "{24878F18-D7EC-427B-97A8-66E965696863}"
EndProject
Project("{8BC9CEB8-8B4A-11D0-8D11-00A0C91BC942}") = "Windows_audio_talkback_demo_program_MSVC++_x86_Debug_LNKDLL_EXE", "Windows_audio_talkback_demo_program_MSVC++_x86_Debug_LNKDLL_EXE\Windows_audio_talkback_demo_program_MSVC++_x86_Debug_LNKDLL_EXE.vcxproj", "{37031CE5-EFE5-49A5-A48D-D4159B1BE9A6}"
EndProject
Project("{8BC9CEB8-8B4A-11D0-8D11-00A0C91BC942}") = "Windows_audio_talkback_demo_program_MSVC++_x86_Release_LNKDLL_EXE", "Windows_audio_talkback_demo_program_MSVC++_x86_Release_LNKDLL_EXE\Windows_audio_talkback_demo_program_MSVC++_x86_Release_LNKDLL_EXE.vcxproj", "{9161A5DD-C6ED-4CC5-841F-ECFA7D40B633}"
EndProject
Project("{8BC9CEB8-8B4A-11D0-8D11-00A0C91BC942}") = "Windows_audio_talkback_demo_program_MSVC++_x64_Debug_LNKDLL_EXE", "Windows_audio_talkback_demo_program_MSVC++_x64_Debug_LNKDLL_EXE\Windows_audio_talkback_demo_program_MSVC++_x64_Debug_LNKDLL_EXE.vcxproj", "{68615A3E-CF1C-460B-9B1B-FF9488333BD0}"
EndProject
Project("{8BC9CEB8-8B4A-11D0-8D11-00A0C91BC942}") = "Windows_audio_talkback_demo_program_MSVC++_x64_Release_LNKDLL_EXE", "Windows_audio_talkback_demo_program_MSVC++_x64_Release_LNKDLL_EXE\Windows_audio_talkback_demo_program_MSVC++_x64_Release_LNKDLL_EXE.vcxproj", "{61389F53-FF5D-47E4-85C1-8D889775326A}"
EndProject
Global
	GlobalSection(SolutionConfigurationPlatforms) = preSolution
		ALL|ALL = ALL|ALL
	EndGlobalSection
	GlobalSection(ProjectConfigurationPlatforms) = postSolution
		{2B8EA349-24D9-4717-8707-01CB4CFBC982}.ALL|ALL.ActiveCfg = Debug|Win32
		{2B8EA349-24D9-4717-8707-01CB4CFBC982}.ALL|ALL.Build.0 = Debug|Win32
		{06584B14-72BB-47BC-BCE0-5D5D0C4016C1}.ALL|ALL.ActiveCfg = Release|Win32
		{06584B14-72BB-47BC-BCE0-5D5D0C4016C1}.ALL|ALL.Build.0 = Release|Win32
		{0BE5B789-58B9-44D8-B77E-B255C4A57D55}.ALL|ALL.ActiveCfg = Debug|x64
		{0BE5B789-58B9-44D8-B77E-B255C4A57D55}.ALL|ALL.Build.0 = Debug|x64
		{24878F18-D7EC-427B-97A8-66E965696863}.ALL|ALL.ActiveCfg = Release|x64
		{24878F18-D7EC-427B-97A8-66E965696863}.ALL|ALL.Build.0 = Release|x64
		{37031CE5-EFE5-49A5-A48D-D4159B1BE9A6}.ALL|ALL.ActiveCfg = Debug|Win32
		{37031CE5-EFE5-49A5-A48D-D4159B1BE9A6}.ALL|ALL.Build.0 = Debug|Win32
		{9161A5DD-C6ED-4CC5-841F-ECFA7D40B633}.ALL|ALL.ActiveCfg = Release|Win32
		{9161A5DD-C6ED-4CC5-841F-ECFA7D40B633}.ALL|ALL.Build.0 = Release|Win32
		{68615A3E-CF1C-460B-9B1B-FF9488333BD0}.ALL|ALL.ActiveCfg = Debug|x64
		{68615A3E-CF1C-460B-9B1B-FF9488333BD0}.ALL|ALL.Build.0 = Debug|x64
		{61389F53-FF5D-47E4-85C1-8D889775326A}.ALL|ALL.ActiveCfg = Release|x64
		{61389F53-FF5D-47E4-85C1-8D889775326A}.ALL|ALL.Build.0 = Release|x64
	EndGlobalSection
	GlobalSection(SolutionProperties) = preSolution
		HideSolutionNode = FALSE
	EndGlobalSection
	GlobalSection(ExtensibilityGlobals) = postSolution
		SolutionGuid = {C09F9FF1-A58A-4B23-A462-175664D16254}
	EndGlobalSection
EndGlobal
